
Microsoft Visual Studio Solution File, Format Version 12.00
# Visual Studio Version 16
VisualStudioVersion = 16.0.31005.135
MinimumVisualStudioVersion = 10.0.40219.1
Project("{FAE04EC0-301F-11D3-BF4B-00C04F79EFBC}") = "LesFruits", "LesFruits\LesFruits.csproj", "{658DC7F6-78B4-417F-AF0A-736EC06F3651}"
EndProject
Global
	GlobalSection(SolutionConfigurationPlatforms) = preSolution
		Debug|Any CPU = Debug|Any CPU
		Release|Any CPU = Release|Any CPU
	EndGlobalSection
	GlobalSection(ProjectConfigurationPlatforms) = postSolution
		{658DC7F6-78B4-417F-AF0A-736EC06F3651}.Debug|Any CPU.ActiveCfg = Debug|Any CPU
		{658DC7F6-78B4-417F-AF0A-736EC06F3651}.Debug|Any CPU.Build.0 = Debug|Any CPU
		{658DC7F6-78B4-417F-AF0A-736EC06F3651}.Release|Any CPU.ActiveCfg = Release|Any CPU
		{658DC7F6-78B4-417F-AF0A-736EC06F3651}.Release|Any CPU.Build.0 = Release|Any CPU
	EndGlobalSection
	GlobalSection(SolutionProperties) = preSolution
		HideSolutionNode = FALSE
	EndGlobalSection
	GlobalSection(ExtensibilityGlobals) = postSolution
		SolutionGuid = {4DB48AAC-9068-4E4D-A2A2-1BD5B8C9922F}
	EndGlobalSection
EndGlobal
